// !$*UTF8*$!
{
	archiveVersion = 1;
	classes = {
	};
	objectVersion = 50;
	objects = {

/* Begin PBXBuildFile section */
		FE04B1C522CED2BD0099FA50 /* AppDelegate.swift in Sources */ = {isa = PBXBuildFile; fileRef = FE04B1C422CED2BD0099FA50 /* AppDelegate.swift */; };
		FE04B1C722CED2BD0099FA50 /* WelcomeController.swift in Sources */ = {isa = PBXBuildFile; fileRef = FE04B1C622CED2BD0099FA50 /* WelcomeController.swift */; };
		FE04B1CD22CED2BD0099FA50 /* todoe.xcdatamodeld in Sources */ = {isa = PBXBuildFile; fileRef = FE04B1CB22CED2BD0099FA50 /* todoe.xcdatamodeld */; };
		FE04B1CF22CED2BE0099FA50 /* Assets.xcassets in Resources */ = {isa = PBXBuildFile; fileRef = FE04B1CE22CED2BE0099FA50 /* Assets.xcassets */; };
		FE04B1D222CED2BE0099FA50 /* LaunchScreen.storyboard in Resources */ = {isa = PBXBuildFile; fileRef = FE04B1D022CED2BE0099FA50 /* LaunchScreen.storyboard */; };
		FE04B1DA22CED8360099FA50 /* TOGradient.swift in Sources */ = {isa = PBXBuildFile; fileRef = FE04B1D922CED8360099FA50 /* TOGradient.swift */; };
		FE04B1DD22CEDAF00099FA50 /* extensions.swift in Sources */ = {isa = PBXBuildFile; fileRef = FE04B1DC22CEDAF00099FA50 /* extensions.swift */; };
		FE320A6B22D15F8E0070B92C /* OptionSet.swift in Sources */ = {isa = PBXBuildFile; fileRef = FE320A6A22D15F8E0070B92C /* OptionSet.swift */; };
		FE320A6D22D167D30070B92C /* Protocols.swift in Sources */ = {isa = PBXBuildFile; fileRef = FE320A6C22D167D30070B92C /* Protocols.swift */; };
		FE3B0CBF22DD4F9D001E863A /* NewItemPopUp.swift in Sources */ = {isa = PBXBuildFile; fileRef = FE3B0CBE22DD4F9D001E863A /* NewItemPopUp.swift */; };
		FE3B0CC122DD59D2001E863A /* ToTextField.swift in Sources */ = {isa = PBXBuildFile; fileRef = FE3B0CC022DD59D2001E863A /* ToTextField.swift */; };
		FE589E4022CEEDE70051E9DE /* TOLabel.swift in Sources */ = {isa = PBXBuildFile; fileRef = FE589E3F22CEEDE70051E9DE /* TOLabel.swift */; };
		FE589E4322CEF7150051E9DE /* Raleway-v4020-Regular.otf in Resources */ = {isa = PBXBuildFile; fileRef = FE589E4222CEF7150051E9DE /* Raleway-v4020-Regular.otf */; };
		FE589E4522CEF8880051E9DE /* Raleway-v4020-SemiBold.otf in Resources */ = {isa = PBXBuildFile; fileRef = FE589E4422CEF8880051E9DE /* Raleway-v4020-SemiBold.otf */; };
		FE589E4722CF01990051E9DE /* TOButton.swift in Sources */ = {isa = PBXBuildFile; fileRef = FE589E4622CF01990051E9DE /* TOButton.swift */; };
		FE589E4A22CF0ACA0051E9DE /* ListController.swift in Sources */ = {isa = PBXBuildFile; fileRef = FE589E4922CF0ACA0051E9DE /* ListController.swift */; };
		FE589E4C22CF0C3A0051E9DE /* TOHeaderView.swift in Sources */ = {isa = PBXBuildFile; fileRef = FE589E4B22CF0C3A0051E9DE /* TOHeaderView.swift */; };
/* End PBXBuildFile section */

/* Begin PBXFileReference section */
		FE04B1C122CED2BD0099FA50 /* todoe.app */ = {isa = PBXFileReference; explicitFileType = wrapper.application; includeInIndex = 0; path = todoe.app; sourceTree = BUILT_PRODUCTS_DIR; };
		FE04B1C422CED2BD0099FA50 /* AppDelegate.swift */ = {isa = PBXFileReference; lastKnownFileType = sourcecode.swift; path = AppDelegate.swift; sourceTree = "<group>"; };
		FE04B1C622CED2BD0099FA50 /* WelcomeController.swift */ = {isa = PBXFileReference; lastKnownFileType = sourcecode.swift; path = WelcomeController.swift; sourceTree = "<group>"; };
		FE04B1CC22CED2BD0099FA50 /* todoe.xcdatamodel */ = {isa = PBXFileReference; lastKnownFileType = wrapper.xcdatamodel; path = todoe.xcdatamodel; sourceTree = "<group>"; };
		FE04B1CE22CED2BE0099FA50 /* Assets.xcassets */ = {isa = PBXFileReference; lastKnownFileType = folder.assetcatalog; path = Assets.xcassets; sourceTree = "<group>"; };
		FE04B1D122CED2BE0099FA50 /* Base */ = {isa = PBXFileReference; lastKnownFileType = file.storyboard; name = Base; path = Base.lproj/LaunchScreen.storyboard; sourceTree = "<group>"; };
		FE04B1D322CED2BE0099FA50 /* Info.plist */ = {isa = PBXFileReference; lastKnownFileType = text.plist.xml; path = Info.plist; sourceTree = "<group>"; };
		FE04B1D922CED8360099FA50 /* TOGradient.swift */ = {isa = PBXFileReference; lastKnownFileType = sourcecode.swift; path = TOGradient.swift; sourceTree = "<group>"; };
		FE04B1DC22CEDAF00099FA50 /* extensions.swift */ = {isa = PBXFileReference; lastKnownFileType = sourcecode.swift; path = extensions.swift; sourceTree = "<group>"; };
		FE320A6A22D15F8E0070B92C /* OptionSet.swift */ = {isa = PBXFileReference; lastKnownFileType = sourcecode.swift; path = OptionSet.swift; sourceTree = "<group>"; };
		FE320A6C22D167D30070B92C /* Protocols.swift */ = {isa = PBXFileReference; lastKnownFileType = sourcecode.swift; path = Protocols.swift; sourceTree = "<group>"; };
		FE3B0CBE22DD4F9D001E863A /* NewItemPopUp.swift */ = {isa = PBXFileReference; lastKnownFileType = sourcecode.swift; path = NewItemPopUp.swift; sourceTree = "<group>"; };
		FE3B0CC022DD59D2001E863A /* ToTextField.swift */ = {isa = PBXFileReference; lastKnownFileType = sourcecode.swift; path = ToTextField.swift; sourceTree = "<group>"; };
		FE589E3F22CEEDE70051E9DE /* TOLabel.swift */ = {isa = PBXFileReference; lastKnownFileType = sourcecode.swift; path = TOLabel.swift; sourceTree = "<group>"; };
		FE589E4222CEF7150051E9DE /* Raleway-v4020-Regular.otf */ = {isa = PBXFileReference; lastKnownFileType = file; path = "Raleway-v4020-Regular.otf"; sourceTree = "<group>"; };
		FE589E4422CEF8880051E9DE /* Raleway-v4020-SemiBold.otf */ = {isa = PBXFileReference; lastKnownFileType = file; path = "Raleway-v4020-SemiBold.otf"; sourceTree = "<group>"; };
		FE589E4622CF01990051E9DE /* TOButton.swift */ = {isa = PBXFileReference; lastKnownFileType = sourcecode.swift; path = TOButton.swift; sourceTree = "<group>"; };
		FE589E4922CF0ACA0051E9DE /* ListController.swift */ = {isa = PBXFileReference; lastKnownFileType = sourcecode.swift; path = ListController.swift; sourceTree = "<group>"; };
		FE589E4B22CF0C3A0051E9DE /* TOHeaderView.swift */ = {isa = PBXFileReference; lastKnownFileType = sourcecode.swift; path = TOHeaderView.swift; sourceTree = "<group>"; };
/* End PBXFileReference section */

/* Begin PBXFrameworksBuildPhase section */
		FE04B1BE22CED2BD0099FA50 /* Frameworks */ = {
			isa = PBXFrameworksBuildPhase;
			buildActionMask = 2147483647;
			files = (
			);
			runOnlyForDeploymentPostprocessing = 0;
		};
/* End PBXFrameworksBuildPhase section */

/* Begin PBXGroup section */
		FE04B1B822CED2BD0099FA50 = {
			isa = PBXGroup;
			children = (
				FE04B1C322CED2BD0099FA50 /* todoe */,
				FE04B1C222CED2BD0099FA50 /* Products */,
			);
			sourceTree = "<group>";
		};
		FE04B1C222CED2BD0099FA50 /* Products */ = {
			isa = PBXGroup;
			children = (
				FE04B1C122CED2BD0099FA50 /* todoe.app */,
			);
			name = Products;
			sourceTree = "<group>";
		};
		FE04B1C322CED2BD0099FA50 /* todoe */ = {
			isa = PBXGroup;
			children = (
				FE589E4822CF0A9C0051E9DE /* Controllers */,
				FE589E4122CEF5160051E9DE /* Fonts */,
				FE589E3E22CEEDBC0051E9DE /* Custom */,
				FE04B1DB22CEDAD60099FA50 /* Extensions */,
				FE04B1C422CED2BD0099FA50 /* AppDelegate.swift */,
				FE04B1CE22CED2BE0099FA50 /* Assets.xcassets */,
				FE04B1D022CED2BE0099FA50 /* LaunchScreen.storyboard */,
				FE04B1D322CED2BE0099FA50 /* Info.plist */,
				FE04B1CB22CED2BD0099FA50 /* todoe.xcdatamodeld */,
			);
			path = todoe;
			sourceTree = "<group>";
		};
		FE04B1DB22CEDAD60099FA50 /* Extensions */ = {
			isa = PBXGroup;
			children = (
				FE04B1DC22CEDAF00099FA50 /* extensions.swift */,
				FE320A6A22D15F8E0070B92C /* OptionSet.swift */,
				FE320A6C22D167D30070B92C /* Protocols.swift */,
			);
			path = Extensions;
			sourceTree = "<group>";
		};
		FE589E3E22CEEDBC0051E9DE /* Custom */ = {
			isa = PBXGroup;
			children = (
				FE04B1D922CED8360099FA50 /* TOGradient.swift */,
				FE589E3F22CEEDE70051E9DE /* TOLabel.swift */,
				FE589E4622CF01990051E9DE /* TOButton.swift */,
				FE589E4B22CF0C3A0051E9DE /* TOHeaderView.swift */,
				FE3B0CBE22DD4F9D001E863A /* NewItemPopUp.swift */,
				FE3B0CC022DD59D2001E863A /* ToTextField.swift */,
			);
			path = Custom;
			sourceTree = "<group>";
		};
		FE589E4122CEF5160051E9DE /* Fonts */ = {
			isa = PBXGroup;
			children = (
				FE589E4422CEF8880051E9DE /* Raleway-v4020-SemiBold.otf */,
				FE589E4222CEF7150051E9DE /* Raleway-v4020-Regular.otf */,
			);
			path = Fonts;
			sourceTree = "<group>";
		};
		FE589E4822CF0A9C0051E9DE /* Controllers */ = {
			isa = PBXGroup;
			children = (
				FE04B1C622CED2BD0099FA50 /* WelcomeController.swift */,
				FE589E4922CF0ACA0051E9DE /* ListController.swift */,
			);
			path = Controllers;
			sourceTree = "<group>";
		};
/* End PBXGroup section */

/* Begin PBXNativeTarget section */
		FE04B1C022CED2BD0099FA50 /* todoe */ = {
			isa = PBXNativeTarget;
			buildConfigurationList = FE04B1D622CED2BE0099FA50 /* Build configuration list for PBXNativeTarget "todoe" */;
			buildPhases = (
				FE04B1BD22CED2BD0099FA50 /* Sources */,
				FE04B1BE22CED2BD0099FA50 /* Frameworks */,
				FE04B1BF22CED2BD0099FA50 /* Resources */,
			);
			buildRules = (
			);
			dependencies = (
			);
			name = todoe;
			productName = todoe;
			productReference = FE04B1C122CED2BD0099FA50 /* todoe.app */;
			productType = "com.apple.product-type.application";
		};
/* End PBXNativeTarget section */

/* Begin PBXProject section */
		FE04B1B922CED2BD0099FA50 /* Project object */ = {
			isa = PBXProject;
			attributes = {
				LastSwiftUpdateCheck = 1020;
				LastUpgradeCheck = 1020;
				ORGANIZATIONNAME = "yash Shelatkar";
				TargetAttributes = {
					FE04B1C022CED2BD0099FA50 = {
						CreatedOnToolsVersion = 10.2.1;
					};
				};
			};
			buildConfigurationList = FE04B1BC22CED2BD0099FA50 /* Build configuration list for PBXProject "todoe" */;
			compatibilityVersion = "Xcode 9.3";
			developmentRegion = en;
			hasScannedForEncodings = 0;
			knownRegions = (
				en,
				Base,
			);
			mainGroup = FE04B1B822CED2BD0099FA50;
			productRefGroup = FE04B1C222CED2BD0099FA50 /* Products */;
			projectDirPath = "";
			projectRoot = "";
			targets = (
				FE04B1C022CED2BD0099FA50 /* todoe */,
			);
		};
/* End PBXProject section */

/* Begin PBXResourcesBuildPhase section */
		FE04B1BF22CED2BD0099FA50 /* Resources */ = {
			isa = PBXResourcesBuildPhase;
			buildActionMask = 2147483647;
			files = (
				FE589E4322CEF7150051E9DE /* Raleway-v4020-Regular.otf in Resources */,
				FE04B1D222CED2BE0099FA50 /* LaunchScreen.storyboard in Resources */,
				FE04B1CF22CED2BE0099FA50 /* Assets.xcassets in Resources */,
				FE589E4522CEF8880051E9DE /* Raleway-v4020-SemiBold.otf in Resources */,
			);
			runOnlyForDeploymentPostprocessing = 0;
		};
/* End PBXResourcesBuildPhase section */

/* Begin PBXSourcesBuildPhase section */
		FE04B1BD22CED2BD0099FA50 /* Sources */ = {
			isa = PBXSourcesBuildPhase;
			buildActionMask = 2147483647;
			files = (
				FE04B1DD22CEDAF00099FA50 /* extensions.swift in Sources */,
				FE589E4022CEEDE70051E9DE /* TOLabel.swift in Sources */,
				FE3B0CBF22DD4F9D001E863A /* NewItemPopUp.swift in Sources */,
				FE04B1DA22CED8360099FA50 /* TOGradient.swift in Sources */,
				FE320A6D22D167D30070B92C /* Protocols.swift in Sources */,
				FE320A6B22D15F8E0070B92C /* OptionSet.swift in Sources */,
				FE04B1CD22CED2BD0099FA50 /* todoe.xcdatamodeld in Sources */,
				FE04B1C722CED2BD0099FA50 /* WelcomeController.swift in Sources */,
				FE589E4722CF01990051E9DE /* TOButton.swift in Sources */,
				FE3B0CC122DD59D2001E863A /* ToTextField.swift in Sources */,
				FE04B1C522CED2BD0099FA50 /* AppDelegate.swift in Sources */,
				FE589E4C22CF0C3A0051E9DE /* TOHeaderView.swift in Sources */,
				FE589E4A22CF0ACA0051E9DE /* ListController.swift in Sources */,
			);
			runOnlyForDeploymentPostprocessing = 0;
		};
/* End PBXSourcesBuildPhase section */

/* Begin PBXVariantGroup section */
		FE04B1D022CED2BE0099FA50 /* LaunchScreen.storyboard */ = {
			isa = PBXVariantGroup;
			children = (
				FE04B1D122CED2BE0099FA50 /* Base */,
			);
			name = LaunchScreen.storyboard;
			sourceTree = "<group>";
		};
/* End PBXVariantGroup section */

/* Begin XCBuildConfiguration section */
		FE04B1D422CED2BE0099FA50 /* Debug */ = {
			isa = XCBuildConfiguration;
			buildSettings = {
				ALWAYS_SEARCH_USER_PATHS = NO;
				CLANG_ANALYZER_NONNULL = YES;
				CLANG_ANALYZER_NUMBER_OBJECT_CONVERSION = YES_AGGRESSIVE;
				CLANG_CXX_LANGUAGE_STANDARD = "gnu++14";
				CLANG_CXX_LIBRARY = "libc++";
				CLANG_ENABLE_MODULES = YES;
				CLANG_ENABLE_OBJC_ARC = YES;
				CLANG_ENABLE_OBJC_WEAK = YES;
				CLANG_WARN_BLOCK_CAPTURE_AUTORELEASING = YES;
				CLANG_WARN_BOOL_CONVERSION = YES;
				CLANG_WARN_COMMA = YES;
				CLANG_WARN_CONSTANT_CONVERSION = YES;
				CLANG_WARN_DEPRECATED_OBJC_IMPLEMENTATIONS = YES;
				CLANG_WARN_DIRECT_OBJC_ISA_USAGE = YES_ERROR;
				CLANG_WARN_DOCUMENTATION_COMMENTS = YES;
				CLANG_WARN_EMPTY_BODY = YES;
				CLANG_WARN_ENUM_CONVERSION = YES;
				CLANG_WARN_INFINITE_RECURSION = YES;
				CLANG_WARN_INT_CONVERSION = YES;
				CLANG_WARN_NON_LITERAL_NULL_CONVERSION = YES;
				CLANG_WARN_OBJC_IMPLICIT_RETAIN_SELF = YES;
				CLANG_WARN_OBJC_LITERAL_CONVERSION = YES;
				CLANG_WARN_OBJC_ROOT_CLASS = YES_ERROR;
				CLANG_WARN_RANGE_LOOP_ANALYSIS = YES;
				CLANG_WARN_STRICT_PROTOTYPES = YES;
				CLANG_WARN_SUSPICIOUS_MOVE = YES;
				CLANG_WARN_UNGUARDED_AVAILABILITY = YES_AGGRESSIVE;
				CLANG_WARN_UNREACHABLE_CODE = YES;
				CLANG_WARN__DUPLICATE_METHOD_MATCH = YES;
				CODE_SIGN_IDENTITY = "iPhone Developer";
				COPY_PHASE_STRIP = NO;
				DEBUG_INFORMATION_FORMAT = dwarf;
				ENABLE_STRICT_OBJC_MSGSEND = YES;
				ENABLE_TESTABILITY = YES;
				GCC_C_LANGUAGE_STANDARD = gnu11;
				GCC_DYNAMIC_NO_PIC = NO;
				GCC_NO_COMMON_BLOCKS = YES;
				GCC_OPTIMIZATION_LEVEL = 0;
				GCC_PREPROCESSOR_DEFINITIONS = (
					"DEBUG=1",
					"$(inherited)",
				);
				GCC_WARN_64_TO_32_BIT_CONVERSION = YES;
				GCC_WARN_ABOUT_RETURN_TYPE = YES_ERROR;
				GCC_WARN_UNDECLARED_SELECTOR = YES;
				GCC_WARN_UNINITIALIZED_AUTOS = YES_AGGRESSIVE;
				GCC_WARN_UNUSED_FUNCTION = YES;
				GCC_WARN_UNUSED_VARIABLE = YES;
				IPHONEOS_DEPLOYMENT_TARGET = 12.2;
				MTL_ENABLE_DEBUG_INFO = INCLUDE_SOURCE;
				MTL_FAST_MATH = YES;
				ONLY_ACTIVE_ARCH = YES;
				SDKROOT = iphoneos;
				SWIFT_ACTIVE_COMPILATION_CONDITIONS = DEBUG;
				SWIFT_OPTIMIZATION_LEVEL = "-Onone";
			};
			name = Debug;
		};
		FE04B1D522CED2BE0099FA50 /* Release */ = {
			isa = XCBuildConfiguration;
			buildSettings = {
				ALWAYS_SEARCH_USER_PATHS = NO;
				CLANG_ANALYZER_NONNULL = YES;
				CLANG_ANALYZER_NUMBER_OBJECT_CONVERSION = YES_AGGRESSIVE;
				CLANG_CXX_LANGUAGE_STANDARD = "gnu++14";
				CLANG_CXX_LIBRARY = "libc++";
				CLANG_ENABLE_MODULES = YES;
				CLANG_ENABLE_OBJC_ARC = YES;
				CLANG_ENABLE_OBJC_WEAK = YES;
				CLANG_WARN_BLOCK_CAPTURE_AUTORELEASING = YES;
				CLANG_WARN_BOOL_CONVERSION = YES;
				CLANG_WARN_COMMA = YES;
				CLANG_WARN_CONSTANT_CONVERSION = YES;
				CLANG_WARN_DEPRECATED_OBJC_IMPLEMENTATIONS = YES;
				CLANG_WARN_DIRECT_OBJC_ISA_USAGE = YES_ERROR;
				CLANG_WARN_DOCUMENTATION_COMMENTS = YES;
				CLANG_WARN_EMPTY_BODY = YES;
				CLANG_WARN_ENUM_CONVERSION = YES;
				CLANG_WARN_INFINITE_RECURSION = YES;
				CLANG_WARN_INT_CONVERSION = YES;
				CLANG_WARN_NON_LITERAL_NULL_CONVERSION = YES;
				CLANG_WARN_OBJC_IMPLICIT_RETAIN_SELF = YES;
				CLANG_WARN_OBJC_LITERAL_CONVERSION = YES;
				CLANG_WARN_OBJC_ROOT_CLASS = YES_ERROR;
				CLANG_WARN_RANGE_LOOP_ANALYSIS = YES;
				CLANG_WARN_STRICT_PROTOTYPES = YES;
				CLANG_WARN_SUSPICIOUS_MOVE = YES;
				CLANG_WARN_UNGUARDED_AVAILABILITY = YES_AGGRESSIVE;
				CLANG_WARN_UNREACHABLE_CODE = YES;
				CLANG_WARN__DUPLICATE_METHOD_MATCH = YES;
				CODE_SIGN_IDENTITY = "iPhone Developer";
				COPY_PHASE_STRIP = NO;
				DEBUG_INFORMATION_FORMAT = "dwarf-with-dsym";
				ENABLE_NS_ASSERTIONS = NO;
				ENABLE_STRICT_OBJC_MSGSEND = YES;
				GCC_C_LANGUAGE_STANDARD = gnu11;
				GCC_NO_COMMON_BLOCKS = YES;
				GCC_WARN_64_TO_32_BIT_CONVERSION = YES;
				GCC_WARN_ABOUT_RETURN_TYPE = YES_ERROR;
				GCC_WARN_UNDECLARED_SELECTOR = YES;
				GCC_WARN_UNINITIALIZED_AUTOS = YES_AGGRESSIVE;
				GCC_WARN_UNUSED_FUNCTION = YES;
				GCC_WARN_UNUSED_VARIABLE = YES;
				IPHONEOS_DEPLOYMENT_TARGET = 12.2;
				MTL_ENABLE_DEBUG_INFO = NO;
				MTL_FAST_MATH = YES;
				SDKROOT = iphoneos;
				SWIFT_COMPILATION_MODE = wholemodule;
				SWIFT_OPTIMIZATION_LEVEL = "-O";
				VALIDATE_PRODUCT = YES;
			};
			name = Release;
		};
		FE04B1D722CED2BE0099FA50 /* Debug */ = {
			isa = XCBuildConfiguration;
			buildSettings = {
				ASSETCATALOG_COMPILER_APPICON_NAME = AppIcon;
				CODE_SIGN_STYLE = Automatic;
				DEVELOPMENT_TEAM = SYTJT45T2T;
				INFOPLIST_FILE = todoe/Info.plist;
				LD_RUNPATH_SEARCH_PATHS = (
					"$(inherited)",
					"@executable_path/Frameworks",
				);
				PRODUCT_BUNDLE_IDENTIFIER = com.shelatkaryash.todoe;
				PRODUCT_NAME = "$(TARGET_NAME)";
				SWIFT_VERSION = 5.0;
				TARGETED_DEVICE_FAMILY = "1,2";
			};
			name = Debug;
		};
		FE04B1D822CED2BE0099FA50 /* Release */ = {
			isa = XCBuildConfiguration;
			buildSettings = {
				ASSETCATALOG_COMPILER_APPICON_NAME = AppIcon;
				CODE_SIGN_STYLE = Automatic;
				DEVELOPMENT_TEAM = SYTJT45T2T;
				INFOPLIST_FILE = todoe/Info.plist;
				LD_RUNPATH_SEARCH_PATHS = (
					"$(inherited)",
					"@executable_path/Frameworks",
				);
				PRODUCT_BUNDLE_IDENTIFIER = com.shelatkaryash.todoe;
				PRODUCT_NAME = "$(TARGET_NAME)";
				SWIFT_VERSION = 5.0;
				TARGETED_DEVICE_FAMILY = "1,2";
			};
			name = Release;
		};
/* End XCBuildConfiguration section */

/* Begin XCConfigurationList section */
		FE04B1BC22CED2BD0099FA50 /* Build configuration list for PBXProject "todoe" */ = {
			isa = XCConfigurationList;
			buildConfigurations = (
				FE04B1D422CED2BE0099FA50 /* Debug */,
				FE04B1D522CED2BE0099FA50 /* Release */,
			);
			defaultConfigurationIsVisible = 0;
			defaultConfigurationName = Release;
		};
		FE04B1D622CED2BE0099FA50 /* Build configuration list for PBXNativeTarget "todoe" */ = {
			isa = XCConfigurationList;
			buildConfigurations = (
				FE04B1D722CED2BE0099FA50 /* Debug */,
				FE04B1D822CED2BE0099FA50 /* Release */,
			);
			defaultConfigurationIsVisible = 0;
			defaultConfigurationName = Release;
		};
/* End XCConfigurationList section */

/* Begin XCVersionGroup section */
		FE04B1CB22CED2BD0099FA50 /* todoe.xcdatamodeld */ = {
			isa = XCVersionGroup;
			children = (
				FE04B1CC22CED2BD0099FA50 /* todoe.xcdatamodel */,
			);
			currentVersion = FE04B1CC22CED2BD0099FA50 /* todoe.xcdatamodel */;
			path = todoe.xcdatamodeld;
			sourceTree = "<group>";
			versionGroupType = wrapper.xcdatamodel;
		};
/* End XCVersionGroup section */
	};
	rootObject = FE04B1B922CED2BD0099FA50 /* Project object */;
}
